
Microsoft Visual Studio Solution File, Format Version 12.00
# Visual Studio Version 17
VisualStudioVersion = 17.4.33213.308
MinimumVisualStudioVersion = 10.0.40219.1
Project("{9A19103F-16F7-4668-BE54-9A1E7A4F7556}") = "UdapEd.Shared", "Shared\UdapEd.Shared.csproj", "{40F8E835-9A6D-4351-AC50-A3DAC5952CE9}"
EndProject
Project("{9A19103F-16F7-4668-BE54-9A1E7A4F7556}") = "UdapEd.Client", "Client\UdapEd.Client.csproj", "{7B6FDAB7-63CB-4C33-9F29-412A3E3E7DDA}"
EndProject
Project("{9A19103F-16F7-4668-BE54-9A1E7A4F7556}") = "UdapEd.Server", "Server\UdapEd.Server.csproj", "{A3751D64-4AB2-45FE-B5EE-8B59DB932009}"
EndProject
Global
	GlobalSection(SolutionConfigurationPlatforms) = preSolution
		Debug|Any CPU = Debug|Any CPU
		Release|Any CPU = Release|Any CPU
	EndGlobalSection
	GlobalSection(ProjectConfigurationPlatforms) = postSolution
		{40F8E835-9A6D-4351-AC50-A3DAC5952CE9}.Debug|Any CPU.ActiveCfg = Debug|Any CPU
		{40F8E835-9A6D-4351-AC50-A3DAC5952CE9}.Debug|Any CPU.Build.0 = Debug|Any CPU
		{40F8E835-9A6D-4351-AC50-A3DAC5952CE9}.Release|Any CPU.ActiveCfg = Release|Any CPU
		{40F8E835-9A6D-4351-AC50-A3DAC5952CE9}.Release|Any CPU.Build.0 = Release|Any CPU
		{7B6FDAB7-63CB-4C33-9F29-412A3E3E7DDA}.Debug|Any CPU.ActiveCfg = Debug|Any CPU
		{7B6FDAB7-63CB-4C33-9F29-412A3E3E7DDA}.Debug|Any CPU.Build.0 = Debug|Any CPU
		{7B6FDAB7-63CB-4C33-9F29-412A3E3E7DDA}.Release|Any CPU.ActiveCfg = Release|Any CPU
		{7B6FDAB7-63CB-4C33-9F29-412A3E3E7DDA}.Release|Any CPU.Build.0 = Release|Any CPU
		{A3751D64-4AB2-45FE-B5EE-8B59DB932009}.Debug|Any CPU.ActiveCfg = Debug|Any CPU
		{A3751D64-4AB2-45FE-B5EE-8B59DB932009}.Debug|Any CPU.Build.0 = Debug|Any CPU
		{A3751D64-4AB2-45FE-B5EE-8B59DB932009}.Release|Any CPU.ActiveCfg = Release|Any CPU
		{A3751D64-4AB2-45FE-B5EE-8B59DB932009}.Release|Any CPU.Build.0 = Release|Any CPU
	EndGlobalSection
	GlobalSection(SolutionProperties) = preSolution
		HideSolutionNode = FALSE
	EndGlobalSection
	GlobalSection(ExtensibilityGlobals) = postSolution
		SolutionGuid = {D2E85C12-49FA-4542-BF49-6E2A9B2D1879}
	EndGlobalSection
EndGlobal
